// !$*UTF8*$!
{
	archiveVersion = 1;
	classes = {
	};
	objectVersion = 46;
	objects = {

/* Begin PBXBuildFile section */
		3EA0F99D1A08BB4A00D6A2C3 /* AppDelegate.swift in Sources */ = {isa = PBXBuildFile; fileRef = 3EA0F99C1A08BB4A00D6A2C3 /* AppDelegate.swift */; };
		3EA0F99F1A08BB4A00D6A2C3 /* ViewController.swift in Sources */ = {isa = PBXBuildFile; fileRef = 3EA0F99E1A08BB4A00D6A2C3 /* ViewController.swift */; };
		3EA0F9A41A08BB4A00D6A2C3 /* Images.xcassets in Resources */ = {isa = PBXBuildFile; fileRef = 3EA0F9A31A08BB4A00D6A2C3 /* Images.xcassets */; };
		3EA0F9A71A08BB4A00D6A2C3 /* LaunchScreen.xib in Resources */ = {isa = PBXBuildFile; fileRef = 3EA0F9A51A08BB4A00D6A2C3 /* LaunchScreen.xib */; };
		3EA0F9B31A08BB4A00D6A2C3 /* tabnavTests.swift in Sources */ = {isa = PBXBuildFile; fileRef = 3EA0F9B21A08BB4A00D6A2C3 /* tabnavTests.swift */; };
/* End PBXBuildFile section */

/* Begin PBXContainerItemProxy section */
		3EA0F9AD1A08BB4A00D6A2C3 /* PBXContainerItemProxy */ = {
			isa = PBXContainerItemProxy;
			containerPortal = 3EA0F98F1A08BB4A00D6A2C3 /* Project object */;
			proxyType = 1;
			remoteGlobalIDString = 3EA0F9961A08BB4A00D6A2C3;
			remoteInfo = tabnav;
		};
/* End PBXContainerItemProxy section */

/* Begin PBXFileReference section */
		3EA0F9971A08BB4A00D6A2C3 /* tabnav.app */ = {isa = PBXFileReference; explicitFileType = wrapper.application; includeInIndex = 0; path = tabnav.app; sourceTree = BUILT_PRODUCTS_DIR; };
		3EA0F99B1A08BB4A00D6A2C3 /* Info.plist */ = {isa = PBXFileReference; lastKnownFileType = text.plist.xml; path = Info.plist; sourceTree = "<group>"; };
		3EA0F99C1A08BB4A00D6A2C3 /* AppDelegate.swift */ = {isa = PBXFileReference; lastKnownFileType = sourcecode.swift; path = AppDelegate.swift; sourceTree = "<group>"; };
		3EA0F99E1A08BB4A00D6A2C3 /* ViewController.swift */ = {isa = PBXFileReference; lastKnownFileType = sourcecode.swift; path = ViewController.swift; sourceTree = "<group>"; };
		3EA0F9A31A08BB4A00D6A2C3 /* Images.xcassets */ = {isa = PBXFileReference; lastKnownFileType = folder.assetcatalog; path = Images.xcassets; sourceTree = "<group>"; };
		3EA0F9A61A08BB4A00D6A2C3 /* Base */ = {isa = PBXFileReference; lastKnownFileType = file.xib; name = Base; path = Base.lproj/LaunchScreen.xib; sourceTree = "<group>"; };
		3EA0F9AC1A08BB4A00D6A2C3 /* tabnavTests.xctest */ = {isa = PBXFileReference; explicitFileType = wrapper.cfbundle; includeInIndex = 0; path = tabnavTests.xctest; sourceTree = BUILT_PRODUCTS_DIR; };
		3EA0F9B11A08BB4A00D6A2C3 /* Info.plist */ = {isa = PBXFileReference; lastKnownFileType = text.plist.xml; path = Info.plist; sourceTree = "<group>"; };
		3EA0F9B21A08BB4A00D6A2C3 /* tabnavTests.swift */ = {isa = PBXFileReference; lastKnownFileType = sourcecode.swift; path = tabnavTests.swift; sourceTree = "<group>"; };
/* End PBXFileReference section */

/* Begin PBXFrameworksBuildPhase section */
		3EA0F9941A08BB4A00D6A2C3 /* Frameworks */ = {
			isa = PBXFrameworksBuildPhase;
			buildActionMask = 2147483647;
			files = (
			);
			runOnlyForDeploymentPostprocessing = 0;
		};
		3EA0F9A91A08BB4A00D6A2C3 /* Frameworks */ = {
			isa = PBXFrameworksBuildPhase;
			buildActionMask = 2147483647;
			files = (
			);
			runOnlyForDeploymentPostprocessing = 0;
		};
/* End PBXFrameworksBuildPhase section */

/* Begin PBXGroup section */
		3EA0F98E1A08BB4A00D6A2C3 = {
			isa = PBXGroup;
			children = (
				3EA0F9991A08BB4A00D6A2C3 /* tabnav */,
				3EA0F9AF1A08BB4A00D6A2C3 /* tabnavTests */,
				3EA0F9981A08BB4A00D6A2C3 /* Products */,
			);
			sourceTree = "<group>";
		};
		3EA0F9981A08BB4A00D6A2C3 /* Products */ = {
			isa = PBXGroup;
			children = (
				3EA0F9971A08BB4A00D6A2C3 /* tabnav.app */,
				3EA0F9AC1A08BB4A00D6A2C3 /* tabnavTests.xctest */,
			);
			name = Products;
			sourceTree = "<group>";
		};
		3EA0F9991A08BB4A00D6A2C3 /* tabnav */ = {
			isa = PBXGroup;
			children = (
				3EA0F99C1A08BB4A00D6A2C3 /* AppDelegate.swift */,
				3EA0F99E1A08BB4A00D6A2C3 /* ViewController.swift */,
				3EA0F9A31A08BB4A00D6A2C3 /* Images.xcassets */,
				3EA0F9A51A08BB4A00D6A2C3 /* LaunchScreen.xib */,
				3EA0F99A1A08BB4A00D6A2C3 /* Supporting Files */,
			);
			path = tabnav;
			sourceTree = "<group>";
		};
		3EA0F99A1A08BB4A00D6A2C3 /* Supporting Files */ = {
			isa = PBXGroup;
			children = (
				3EA0F99B1A08BB4A00D6A2C3 /* Info.plist */,
			);
			name = "Supporting Files";
			sourceTree = "<group>";
		};
		3EA0F9AF1A08BB4A00D6A2C3 /* tabnavTests */ = {
			isa = PBXGroup;
			children = (
				3EA0F9B21A08BB4A00D6A2C3 /* tabnavTests.swift */,
				3EA0F9B01A08BB4A00D6A2C3 /* Supporting Files */,
			);
			path = tabnavTests;
			sourceTree = "<group>";
		};
		3EA0F9B01A08BB4A00D6A2C3 /* Supporting Files */ = {
			isa = PBXGroup;
			children = (
				3EA0F9B11A08BB4A00D6A2C3 /* Info.plist */,
			);
			name = "Supporting Files";
			sourceTree = "<group>";
		};
/* End PBXGroup section */

/* Begin PBXNativeTarget section */
		3EA0F9961A08BB4A00D6A2C3 /* tabnav */ = {
			isa = PBXNativeTarget;
			buildConfigurationList = 3EA0F9B61A08BB4A00D6A2C3 /* Build configuration list for PBXNativeTarget "tabnav" */;
			buildPhases = (
				3EA0F9931A08BB4A00D6A2C3 /* Sources */,
				3EA0F9941A08BB4A00D6A2C3 /* Frameworks */,
				3EA0F9951A08BB4A00D6A2C3 /* Resources */,
			);
			buildRules = (
			);
			dependencies = (
			);
			name = tabnav;
			productName = tabnav;
			productReference = 3EA0F9971A08BB4A00D6A2C3 /* tabnav.app */;
			productType = "com.apple.product-type.application";
		};
		3EA0F9AB1A08BB4A00D6A2C3 /* tabnavTests */ = {
			isa = PBXNativeTarget;
			buildConfigurationList = 3EA0F9B91A08BB4A00D6A2C3 /* Build configuration list for PBXNativeTarget "tabnavTests" */;
			buildPhases = (
				3EA0F9A81A08BB4A00D6A2C3 /* Sources */,
				3EA0F9A91A08BB4A00D6A2C3 /* Frameworks */,
				3EA0F9AA1A08BB4A00D6A2C3 /* Resources */,
			);
			buildRules = (
			);
			dependencies = (
				3EA0F9AE1A08BB4A00D6A2C3 /* PBXTargetDependency */,
			);
			name = tabnavTests;
			productName = tabnavTests;
			productReference = 3EA0F9AC1A08BB4A00D6A2C3 /* tabnavTests.xctest */;
			productType = "com.apple.product-type.bundle.unit-test";
		};
/* End PBXNativeTarget section */

/* Begin PBXProject section */
		3EA0F98F1A08BB4A00D6A2C3 /* Project object */ = {
			isa = PBXProject;
			attributes = {
				LastUpgradeCheck = 0610;
				ORGANIZATIONNAME = "notice,inc";
				TargetAttributes = {
					3EA0F9961A08BB4A00D6A2C3 = {
						CreatedOnToolsVersion = 6.1;
					};
					3EA0F9AB1A08BB4A00D6A2C3 = {
						CreatedOnToolsVersion = 6.1;
						TestTargetID = 3EA0F9961A08BB4A00D6A2C3;
					};
				};
			};
			buildConfigurationList = 3EA0F9921A08BB4A00D6A2C3 /* Build configuration list for PBXProject "tabnav" */;
			compatibilityVersion = "Xcode 3.2";
			developmentRegion = English;
			hasScannedForEncodings = 0;
			knownRegions = (
				en,
				Base,
			);
			mainGroup = 3EA0F98E1A08BB4A00D6A2C3;
			productRefGroup = 3EA0F9981A08BB4A00D6A2C3 /* Products */;
			projectDirPath = "";
			projectRoot = "";
			targets = (
				3EA0F9961A08BB4A00D6A2C3 /* tabnav */,
				3EA0F9AB1A08BB4A00D6A2C3 /* tabnavTests */,
			);
		};
/* End PBXProject section */

/* Begin PBXResourcesBuildPhase section */
		3EA0F9951A08BB4A00D6A2C3 /* Resources */ = {
			isa = PBXResourcesBuildPhase;
			buildActionMask = 2147483647;
			files = (
				3EA0F9A71A08BB4A00D6A2C3 /* LaunchScreen.xib in Resources */,
				3EA0F9A41A08BB4A00D6A2C3 /* Images.xcassets in Resources */,
			);
			runOnlyForDeploymentPostprocessing = 0;
		};
		3EA0F9AA1A08BB4A00D6A2C3 /* Resources */ = {
			isa = PBXResourcesBuildPhase;
			buildActionMask = 2147483647;
			files = (
			);
			runOnlyForDeploymentPostprocessing = 0;
		};
/* End PBXResourcesBuildPhase section */

/* Begin PBXSourcesBuildPhase section */
		3EA0F9931A08BB4A00D6A2C3 /* Sources */ = {
			isa = PBXSourcesBuildPhase;
			buildActionMask = 2147483647;
			files = (
				3EA0F99F1A08BB4A00D6A2C3 /* ViewController.swift in Sources */,
				3EA0F99D1A08BB4A00D6A2C3 /* AppDelegate.swift in Sources */,
			);
			runOnlyForDeploymentPostprocessing = 0;
		};
		3EA0F9A81A08BB4A00D6A2C3 /* Sources */ = {
			isa = PBXSourcesBuildPhase;
			buildActionMask = 2147483647;
			files = (
				3EA0F9B31A08BB4A00D6A2C3 /* tabnavTests.swift in Sources */,
			);
			runOnlyForDeploymentPostprocessing = 0;
		};
/* End PBXSourcesBuildPhase section */

/* Begin PBXTargetDependency section */
		3EA0F9AE1A08BB4A00D6A2C3 /* PBXTargetDependency */ = {
			isa = PBXTargetDependency;
			target = 3EA0F9961A08BB4A00D6A2C3 /* tabnav */;
			targetProxy = 3EA0F9AD1A08BB4A00D6A2C3 /* PBXContainerItemProxy */;
		};
/* End PBXTargetDependency section */

/* Begin PBXVariantGroup section */
		3EA0F9A51A08BB4A00D6A2C3 /* LaunchScreen.xib */ = {
			isa = PBXVariantGroup;
			children = (
				3EA0F9A61A08BB4A00D6A2C3 /* Base */,
			);
			name = LaunchScreen.xib;
			sourceTree = "<group>";
		};
/* End PBXVariantGroup section */

/* Begin XCBuildConfiguration section */
		3EA0F9B41A08BB4A00D6A2C3 /* Debug */ = {
			isa = XCBuildConfiguration;
			buildSettings = {
				ALWAYS_SEARCH_USER_PATHS = NO;
				CLANG_CXX_LANGUAGE_STANDARD = "gnu++0x";
				CLANG_CXX_LIBRARY = "libc++";
				CLANG_ENABLE_MODULES = YES;
				CLANG_ENABLE_OBJC_ARC = YES;
				CLANG_WARN_BOOL_CONVERSION = YES;
				CLANG_WARN_CONSTANT_CONVERSION = YES;
				CLANG_WARN_DIRECT_OBJC_ISA_USAGE = YES_ERROR;
				CLANG_WARN_EMPTY_BODY = YES;
				CLANG_WARN_ENUM_CONVERSION = YES;
				CLANG_WARN_INT_CONVERSION = YES;
				CLANG_WARN_OBJC_ROOT_CLASS = YES_ERROR;
				CLANG_WARN_UNREACHABLE_CODE = YES;
				CLANG_WARN__DUPLICATE_METHOD_MATCH = YES;
				"CODE_SIGN_IDENTITY[sdk=iphoneos*]" = "iPhone Developer";
				COPY_PHASE_STRIP = NO;
				ENABLE_STRICT_OBJC_MSGSEND = YES;
				GCC_C_LANGUAGE_STANDARD = gnu99;
				GCC_DYNAMIC_NO_PIC = NO;
				GCC_OPTIMIZATION_LEVEL = 0;
				GCC_PREPROCESSOR_DEFINITIONS = (
					"DEBUG=1",
					"$(inherited)",
				);
				GCC_SYMBOLS_PRIVATE_EXTERN = NO;
				GCC_WARN_64_TO_32_BIT_CONVERSION = YES;
				GCC_WARN_ABOUT_RETURN_TYPE = YES_ERROR;
				GCC_WARN_UNDECLARED_SELECTOR = YES;
				GCC_WARN_UNINITIALIZED_AUTOS = YES_AGGRESSIVE;
				GCC_WARN_UNUSED_FUNCTION = YES;
				GCC_WARN_UNUSED_VARIABLE = YES;
				IPHONEOS_DEPLOYMENT_TARGET = 8.1;
				MTL_ENABLE_DEBUG_INFO = YES;
				ONLY_ACTIVE_ARCH = YES;
				SDKROOT = iphoneos;
				SWIFT_OPTIMIZATION_LEVEL = "-Onone";
			};
			name = Debug;
		};
		3EA0F9B51A08BB4A00D6A2C3 /* Release */ = {
			isa = XCBuildConfiguration;
			buildSettings = {
				ALWAYS_SEARCH_USER_PATHS = NO;
				CLANG_CXX_LANGUAGE_STANDARD = "gnu++0x";
				CLANG_CXX_LIBRARY = "libc++";
				CLANG_ENABLE_MODULES = YES;
				CLANG_ENABLE_OBJC_ARC = YES;
				CLANG_WARN_BOOL_CONVERSION = YES;
				CLANG_WARN_CONSTANT_CONVERSION = YES;
				CLANG_WARN_DIRECT_OBJC_ISA_USAGE = YES_ERROR;
				CLANG_WARN_EMPTY_BODY = YES;
				CLANG_WARN_ENUM_CONVERSION = YES;
				CLANG_WARN_INT_CONVERSION = YES;
				CLANG_WARN_OBJC_ROOT_CLASS = YES_ERROR;
				CLANG_WARN_UNREACHABLE_CODE = YES;
				CLANG_WARN__DUPLICATE_METHOD_MATCH = YES;
				"CODE_SIGN_IDENTITY[sdk=iphoneos*]" = "iPhone Developer";
				COPY_PHASE_STRIP = YES;
				ENABLE_NS_ASSERTIONS = NO;
				ENABLE_STRICT_OBJC_MSGSEND = YES;
				GCC_C_LANGUAGE_STANDARD = gnu99;
				GCC_WARN_64_TO_32_BIT_CONVERSION = YES;
				GCC_WARN_ABOUT_RETURN_TYPE = YES_ERROR;
				GCC_WARN_UNDECLARED_SELECTOR = YES;
				GCC_WARN_UNINITIALIZED_AUTOS = YES_AGGRESSIVE;
				GCC_WARN_UNUSED_FUNCTION = YES;
				GCC_WARN_UNUSED_VARIABLE = YES;
				IPHONEOS_DEPLOYMENT_TARGET = 8.1;
				MTL_ENABLE_DEBUG_INFO = NO;
				SDKROOT = iphoneos;
				VALIDATE_PRODUCT = YES;
			};
			name = Release;
		};
		3EA0F9B71A08BB4A00D6A2C3 /* Debug */ = {
			isa = XCBuildConfiguration;
			buildSettings = {
				ASSETCATALOG_COMPILER_APPICON_NAME = AppIcon;
				INFOPLIST_FILE = tabnav/Info.plist;
				IPHONEOS_DEPLOYMENT_TARGET = 7.0;
				LD_RUNPATH_SEARCH_PATHS = "$(inherited) @executable_path/Frameworks";
				PRODUCT_NAME = "$(TARGET_NAME)";
			};
			name = Debug;
		};
		3EA0F9B81A08BB4A00D6A2C3 /* Release */ = {
			isa = XCBuildConfiguration;
			buildSettings = {
				ASSETCATALOG_COMPILER_APPICON_NAME = AppIcon;
				INFOPLIST_FILE = tabnav/Info.plist;
				IPHONEOS_DEPLOYMENT_TARGET = 7.0;
				LD_RUNPATH_SEARCH_PATHS = "$(inherited) @executable_path/Frameworks";
				PRODUCT_NAME = "$(TARGET_NAME)";
			};
			name = Release;
		};
		3EA0F9BA1A08BB4A00D6A2C3 /* Debug */ = {
			isa = XCBuildConfiguration;
			buildSettings = {
				BUNDLE_LOADER = "$(TEST_HOST)";
				FRAMEWORK_SEARCH_PATHS = (
					"$(SDKROOT)/Developer/Library/Frameworks",
					"$(inherited)",
				);
				GCC_PREPROCESSOR_DEFINITIONS = (
					"DEBUG=1",
					"$(inherited)",
				);
				INFOPLIST_FILE = tabnavTests/Info.plist;
				LD_RUNPATH_SEARCH_PATHS = "$(inherited) @executable_path/Frameworks @loader_path/Frameworks";
				PRODUCT_NAME = "$(TARGET_NAME)";
				TEST_HOST = "$(BUILT_PRODUCTS_DIR)/tabnav.app/tabnav";
			};
			name = Debug;
		};
		3EA0F9BB1A08BB4A00D6A2C3 /* Release */ = {
			isa = XCBuildConfiguration;
			buildSettings = {
				BUNDLE_LOADER = "$(TEST_HOST)";
				FRAMEWORK_SEARCH_PATHS = (
					"$(SDKROOT)/Developer/Library/Frameworks",
					"$(inherited)",
				);
				INFOPLIST_FILE = tabnavTests/Info.plist;
				LD_RUNPATH_SEARCH_PATHS = "$(inherited) @executable_path/Frameworks @loader_path/Frameworks";
				PRODUCT_NAME = "$(TARGET_NAME)";
				TEST_HOST = "$(BUILT_PRODUCTS_DIR)/tabnav.app/tabnav";
			};
			name = Release;
		};
/* End XCBuildConfiguration section */

/* Begin XCConfigurationList section */
		3EA0F9921A08BB4A00D6A2C3 /* Build configuration list for PBXProject "tabnav" */ = {
			isa = XCConfigurationList;
			buildConfigurations = (
				3EA0F9B41A08BB4A00D6A2C3 /* Debug */,
				3EA0F9B51A08BB4A00D6A2C3 /* Release */,
			);
			defaultConfigurationIsVisible = 0;
			defaultConfigurationName = Release;
		};
		3EA0F9B61A08BB4A00D6A2C3 /* Build configuration list for PBXNativeTarget "tabnav" */ = {
			isa = XCConfigurationList;
			buildConfigurations = (
				3EA0F9B71A08BB4A00D6A2C3 /* Debug */,
				3EA0F9B81A08BB4A00D6A2C3 /* Release */,
			);
			defaultConfigurationIsVisible = 0;
		};
		3EA0F9B91A08BB4A00D6A2C3 /* Build configuration list for PBXNativeTarget "tabnavTests" */ = {
			isa = XCConfigurationList;
			buildConfigurations = (
				3EA0F9BA1A08BB4A00D6A2C3 /* Debug */,
				3EA0F9BB1A08BB4A00D6A2C3 /* Release */,
			);
			defaultConfigurationIsVisible = 0;
		};
/* End XCConfigurationList section */
	};
	rootObject = 3EA0F98F1A08BB4A00D6A2C3 /* Project object */;
}
